
Microsoft Visual Studio Solution File, Format Version 12.00
# Visual Studio Version 17
VisualStudioVersion = 17.5.002.0
MinimumVisualStudioVersion = 10.0.40219.1
Project("{9A19103F-16F7-4668-BE54-9A1E7A4F7556}") = "Cli", "Cli\Cli.csproj", "{764EEF41-B1D8-4D35-A4D3-FF2763CDDBDE}"
EndProject
Project("{FAE04EC0-301F-11D3-BF4B-00C04F79EFBC}") = "DepotDownloader", "DepotDownloader\DepotDownloader\DepotDownloader.csproj", "{8B8DF748-3D30-496D-BBE8-0668562857E8}"
EndProject
Global
	GlobalSection(SolutionConfigurationPlatforms) = preSolution
		Debug|Any CPU = Debug|Any CPU
		Release|Any CPU = Release|Any CPU
	EndGlobalSection
	GlobalSection(ProjectConfigurationPlatforms) = postSolution
		{764EEF41-B1D8-4D35-A4D3-FF2763CDDBDE}.Debug|Any CPU.ActiveCfg = Debug|Any CPU
		{764EEF41-B1D8-4D35-A4D3-FF2763CDDBDE}.Debug|Any CPU.Build.0 = Debug|Any CPU
		{764EEF41-B1D8-4D35-A4D3-FF2763CDDBDE}.Release|Any CPU.ActiveCfg = Release|Any CPU
		{764EEF41-B1D8-4D35-A4D3-FF2763CDDBDE}.Release|Any CPU.Build.0 = Release|Any CPU
		{8B8DF748-3D30-496D-BBE8-0668562857E8}.Debug|Any CPU.ActiveCfg = Debug|Any CPU
		{8B8DF748-3D30-496D-BBE8-0668562857E8}.Debug|Any CPU.Build.0 = Debug|Any CPU
		{8B8DF748-3D30-496D-BBE8-0668562857E8}.Release|Any CPU.ActiveCfg = Release|Any CPU
		{8B8DF748-3D30-496D-BBE8-0668562857E8}.Release|Any CPU.Build.0 = Release|Any CPU
	EndGlobalSection
	GlobalSection(SolutionProperties) = preSolution
		HideSolutionNode = FALSE
	EndGlobalSection
	GlobalSection(ExtensibilityGlobals) = postSolution
		SolutionGuid = {643B7A5F-C838-4C0D-8D55-C404E8CB3E0D}
	EndGlobalSection
EndGlobal
